
Microsoft Visual Studio Solution File, Format Version 12.00
# Visual Studio Version 17
VisualStudioVersion = 17.9.34607.119
MinimumVisualStudioVersion = 10.0.40219.1
Project("{FAE04EC0-301F-11D3-BF4B-00C04F79EFBC}") = "OOP2024", "OOP2024\OOP2024.csproj", "{CBB8A7F7-0874-4315-A284-506496E497F3}"
EndProject
Project("{FAE04EC0-301F-11D3-BF4B-00C04F79EFBC}") = "TestOOP", "TestOOP\TestOOP.csproj", "{165EB39E-5C6B-43D2-90DA-07EB62BCECC4}"
EndProject
Global
	GlobalSection(SolutionConfigurationPlatforms) = preSolution
		Debug|Any CPU = Debug|Any CPU
		Release|Any CPU = Release|Any CPU
	EndGlobalSection
	GlobalSection(ProjectConfigurationPlatforms) = postSolution
		{CBB8A7F7-0874-4315-A284-506496E497F3}.Debug|Any CPU.ActiveCfg = Debug|Any CPU
		{CBB8A7F7-0874-4315-A284-506496E497F3}.Debug|Any CPU.Build.0 = Debug|Any CPU
		{CBB8A7F7-0874-4315-A284-506496E497F3}.Release|Any CPU.ActiveCfg = Release|Any CPU
		{CBB8A7F7-0874-4315-A284-506496E497F3}.Release|Any CPU.Build.0 = Release|Any CPU
		{165EB39E-5C6B-43D2-90DA-07EB62BCECC4}.Debug|Any CPU.ActiveCfg = Debug|Any CPU
		{165EB39E-5C6B-43D2-90DA-07EB62BCECC4}.Debug|Any CPU.Build.0 = Debug|Any CPU
		{165EB39E-5C6B-43D2-90DA-07EB62BCECC4}.Release|Any CPU.ActiveCfg = Release|Any CPU
		{165EB39E-5C6B-43D2-90DA-07EB62BCECC4}.Release|Any CPU.Build.0 = Release|Any CPU
	EndGlobalSection
	GlobalSection(SolutionProperties) = preSolution
		HideSolutionNode = FALSE
	EndGlobalSection
	GlobalSection(ExtensibilityGlobals) = postSolution
		SolutionGuid = {387B2AC5-CDCF-4999-A20D-FE0EE9B45EC2}
	EndGlobalSection
EndGlobal
